
Microsoft Visual Studio Solution File, Format Version 12.00
# Visual Studio 15
VisualStudioVersion = 15.0.28307.421
MinimumVisualStudioVersion = 10.0.40219.1
Project("{8BC9CEB8-8B4A-11D0-8D11-00A0C91BC942}") = "draw_test", "draw_test\draw_test.vcxproj", "{98775053-46E3-4D0F-A859-4E4D14DB6642}"
EndProject
Global
	GlobalSection(SolutionConfigurationPlatforms) = preSolution
		Debug|x64 = Debug|x64
		Debug|x86 = Debug|x86
		Release|x64 = Release|x64
		Release|x86 = Release|x86
	EndGlobalSection
	GlobalSection(ProjectConfigurationPlatforms) = postSolution
		{98775053-46E3-4D0F-A859-4E4D14DB6642}.Debug|x64.ActiveCfg = Debug|x64
		{98775053-46E3-4D0F-A859-4E4D14DB6642}.Debug|x64.Build.0 = Debug|x64
		{98775053-46E3-4D0F-A859-4E4D14DB6642}.Debug|x86.ActiveCfg = Debug|Win32
		{98775053-46E3-4D0F-A859-4E4D14DB6642}.Debug|x86.Build.0 = Debug|Win32
		{98775053-46E3-4D0F-A859-4E4D14DB6642}.Release|x64.ActiveCfg = Release|x64
		{98775053-46E3-4D0F-A859-4E4D14DB6642}.Release|x64.Build.0 = Release|x64
		{98775053-46E3-4D0F-A859-4E4D14DB6642}.Release|x86.ActiveCfg = Release|Win32
		{98775053-46E3-4D0F-A859-4E4D14DB6642}.Release|x86.Build.0 = Release|Win32
	EndGlobalSection
	GlobalSection(SolutionProperties) = preSolution
		HideSolutionNode = FALSE
	EndGlobalSection
	GlobalSection(ExtensibilityGlobals) = postSolution
		SolutionGuid = {1665E970-DBA9-4139-93E9-520E8D501B9E}
	EndGlobalSection
EndGlobal
